langcode: en
status: true
dependencies:
  config:
    - block_content.type.tailpine_sponser_company
    - block_content.type.tailpine_sponser_header
    - field.storage.block_content.field_block
id: block_content.tailpine_sponser_header.field_block
field_name: field_block
entity_type: block_content
bundle: tailpine_sponser_header
label: 'Add Sponser & Partner'
description: ''
required: false
translatable: false
default_value: {  }
default_value_callback: ''
settings:
  handler: 'default:block_content'
  handler_settings:
    target_bundles:
      tailpine_sponser_company: tailpine_sponser_company
    sort:
      field: _none
      direction: ASC
    auto_create: false
    auto_create_bundle: ''
field_type: entity_reference
