langcode: en
status: true
dependencies:
  config:
    - block_content.type.accordion_sytle_one
    - block_content.type.tailpine_accordion_header
    - field.storage.block_content.field_block
id: block_content.tailpine_accordion_header.field_block
field_name: field_block
entity_type: block_content
bundle: tailpine_accordion_header
label: 'Add Block'
description: ''
required: false
translatable: false
default_value: {  }
default_value_callback: ''
settings:
  handler: 'default:block_content'
  handler_settings:
    target_bundles:
      accordion_sytle_one: accordion_sytle_one
    sort:
      field: _none
      direction: ASC
    auto_create: false
    auto_create_bundle: ''
field_type: entity_reference
